
Microsoft Visual Studio Solution File, Format Version 12.00
# Visual Studio Version 17
VisualStudioVersion = 17.1.32319.34
MinimumVisualStudioVersion = 10.0.40219.1
Project("{FAE04EC0-301F-11D3-BF4B-00C04F79EFBC}") = "Ejercicio_I01_Validador", "Ejercicio_I01_Validador\Ejercicio_I01_Validador.csproj", "{C6DB14A9-04D1-4B59-B275-176D745167EF}"
EndProject
Project("{FAE04EC0-301F-11D3-BF4B-00C04F79EFBC}") = "Biblioteca", "Biblioteca\Biblioteca.csproj", "{00B517FA-ADEB-47BF-96E1-E7FD28C5819D}"
EndProject
Global
	GlobalSection(SolutionConfigurationPlatforms) = preSolution
		Debug|Any CPU = Debug|Any CPU
		Release|Any CPU = Release|Any CPU
	EndGlobalSection
	GlobalSection(ProjectConfigurationPlatforms) = postSolution
		{C6DB14A9-04D1-4B59-B275-176D745167EF}.Debug|Any CPU.ActiveCfg = Debug|Any CPU
		{C6DB14A9-04D1-4B59-B275-176D745167EF}.Debug|Any CPU.Build.0 = Debug|Any CPU
		{C6DB14A9-04D1-4B59-B275-176D745167EF}.Release|Any CPU.ActiveCfg = Release|Any CPU
		{C6DB14A9-04D1-4B59-B275-176D745167EF}.Release|Any CPU.Build.0 = Release|Any CPU
		{00B517FA-ADEB-47BF-96E1-E7FD28C5819D}.Debug|Any CPU.ActiveCfg = Debug|Any CPU
		{00B517FA-ADEB-47BF-96E1-E7FD28C5819D}.Debug|Any CPU.Build.0 = Debug|Any CPU
		{00B517FA-ADEB-47BF-96E1-E7FD28C5819D}.Release|Any CPU.ActiveCfg = Release|Any CPU
		{00B517FA-ADEB-47BF-96E1-E7FD28C5819D}.Release|Any CPU.Build.0 = Release|Any CPU
	EndGlobalSection
	GlobalSection(SolutionProperties) = preSolution
		HideSolutionNode = FALSE
	EndGlobalSection
	GlobalSection(ExtensibilityGlobals) = postSolution
		SolutionGuid = {3864EFE3-A6C6-4283-A80F-673B5C8F3CCC}
	EndGlobalSection
EndGlobal
